
Microsoft Visual Studio Solution File, Format Version 12.00
# Visual Studio Version 17
VisualStudioVersion = 17.0.31919.166
MinimumVisualStudioVersion = 10.0.40219.1
Project("{FAE04EC0-301F-11D3-BF4B-00C04F79EFBC}") = "EmployeeApi", "EmployeeApi\EmployeeApi.csproj", "{013F1416-0390-46C3-8DC0-FBB086C84484}"
EndProject
Global
	GlobalSection(SolutionConfigurationPlatforms) = preSolution
		Debug|Any CPU = Debug|Any CPU
		Release|Any CPU = Release|Any CPU
	EndGlobalSection
	GlobalSection(ProjectConfigurationPlatforms) = postSolution
		{013F1416-0390-46C3-8DC0-FBB086C84484}.Debug|Any CPU.ActiveCfg = Debug|Any CPU
		{013F1416-0390-46C3-8DC0-FBB086C84484}.Debug|Any CPU.Build.0 = Debug|Any CPU
		{013F1416-0390-46C3-8DC0-FBB086C84484}.Release|Any CPU.ActiveCfg = Release|Any CPU
		{013F1416-0390-46C3-8DC0-FBB086C84484}.Release|Any CPU.Build.0 = Release|Any CPU
	EndGlobalSection
	GlobalSection(SolutionProperties) = preSolution
		HideSolutionNode = FALSE
	EndGlobalSection
	GlobalSection(ExtensibilityGlobals) = postSolution
		SolutionGuid = {BA6F5170-51AE-45B6-8211-AFD76087D4DE}
	EndGlobalSection
EndGlobal
